// !$*UTF8*$!
{
	archiveVersion = 1;
	classes = {
	};
	objectVersion = 46;
	objects = {

/* Begin PBXBuildFile section */
		33577E821E2CD70900D82C5C /* ApplicationUser.swift in Sources */ = {isa = PBXBuildFile; fileRef = 33577E811E2CD70900D82C5C /* ApplicationUser.swift */; };
		33577E841E2CD8EA00D82C5C /* Order.swift in Sources */ = {isa = PBXBuildFile; fileRef = 33577E831E2CD8EA00D82C5C /* Order.swift */; };
		33577E861E2CD91900D82C5C /* Orderline.swift in Sources */ = {isa = PBXBuildFile; fileRef = 33577E851E2CD91900D82C5C /* Orderline.swift */; };
		33577E881E2CDAE000D82C5C /* Drank.swift in Sources */ = {isa = PBXBuildFile; fileRef = 33577E871E2CDAE000D82C5C /* Drank.swift */; };
		33577E8A1E2CDC0C00D82C5C /* APIService.swift in Sources */ = {isa = PBXBuildFile; fileRef = 33577E891E2CDC0C00D82C5C /* APIService.swift */; };
		33577E8C1E2CDC1800D82C5C /* RealmService.swift in Sources */ = {isa = PBXBuildFile; fileRef = 33577E8B1E2CDC1800D82C5C /* RealmService.swift */; };
		335CBC321E2CCA7E00F06780 /* AppDelegate.swift in Sources */ = {isa = PBXBuildFile; fileRef = 335CBC311E2CCA7E00F06780 /* AppDelegate.swift */; };
		335CBC341E2CCA7E00F06780 /* ViewController.swift in Sources */ = {isa = PBXBuildFile; fileRef = 335CBC331E2CCA7E00F06780 /* ViewController.swift */; };
		335CBC371E2CCA7E00F06780 /* Main.storyboard in Resources */ = {isa = PBXBuildFile; fileRef = 335CBC351E2CCA7E00F06780 /* Main.storyboard */; };
		335CBC391E2CCA7E00F06780 /* Assets.xcassets in Resources */ = {isa = PBXBuildFile; fileRef = 335CBC381E2CCA7E00F06780 /* Assets.xcassets */; };
		335CBC3C1E2CCA7E00F06780 /* LaunchScreen.storyboard in Resources */ = {isa = PBXBuildFile; fileRef = 335CBC3A1E2CCA7E00F06780 /* LaunchScreen.storyboard */; };
		33AD5E731E2D1C2F00D1CF4A /* DrankDetailController.swift in Sources */ = {isa = PBXBuildFile; fileRef = 33AD5E721E2D1C2F00D1CF4A /* DrankDetailController.swift */; };
		33AD5E751E2D231100D1CF4A /* AddOrderController.swift in Sources */ = {isa = PBXBuildFile; fileRef = 33AD5E741E2D231100D1CF4A /* AddOrderController.swift */; };
		33AD5E771E2E074A00D1CF4A /* AddOrderModel.swift in Sources */ = {isa = PBXBuildFile; fileRef = 33AD5E761E2E074A00D1CF4A /* AddOrderModel.swift */; };
		33AD5E7A1E2E082300D1CF4A /* OrderlineModel.swift in Sources */ = {isa = PBXBuildFile; fileRef = 33AD5E791E2E082300D1CF4A /* OrderlineModel.swift */; };
		33AD5E7C1E2E184F00D1CF4A /* UpdateService.swift in Sources */ = {isa = PBXBuildFile; fileRef = 33AD5E7B1E2E184F00D1CF4A /* UpdateService.swift */; };
		33F9DEFC1E2D05DB00C12E37 /* LoginViewController.swift in Sources */ = {isa = PBXBuildFile; fileRef = 33F9DEFB1E2D05DB00C12E37 /* LoginViewController.swift */; };
		33F9DEFE1E2D131100C12E37 /* DrankOverviewController.swift in Sources */ = {isa = PBXBuildFile; fileRef = 33F9DEFD1E2D131100C12E37 /* DrankOverviewController.swift */; };
		6180199891D126372BF8C01C /* Pods_Kangoeroepoef2.framework in Frameworks */ = {isa = PBXBuildFile; fileRef = A70EEEF776C7A13BF2F0B892 /* Pods_Kangoeroepoef2.framework */; };
/* End PBXBuildFile section */

/* Begin PBXFileReference section */
		33577E811E2CD70900D82C5C /* ApplicationUser.swift */ = {isa = PBXFileReference; fileEncoding = 4; lastKnownFileType = sourcecode.swift; path = ApplicationUser.swift; sourceTree = "<group>"; };
		33577E831E2CD8EA00D82C5C /* Order.swift */ = {isa = PBXFileReference; fileEncoding = 4; lastKnownFileType = sourcecode.swift; path = Order.swift; sourceTree = "<group>"; };
		33577E851E2CD91900D82C5C /* Orderline.swift */ = {isa = PBXFileReference; fileEncoding = 4; lastKnownFileType = sourcecode.swift; path = Orderline.swift; sourceTree = "<group>"; };
		33577E871E2CDAE000D82C5C /* Drank.swift */ = {isa = PBXFileReference; fileEncoding = 4; lastKnownFileType = sourcecode.swift; path = Drank.swift; sourceTree = "<group>"; };
		33577E891E2CDC0C00D82C5C /* APIService.swift */ = {isa = PBXFileReference; fileEncoding = 4; lastKnownFileType = sourcecode.swift; path = APIService.swift; sourceTree = "<group>"; };
		33577E8B1E2CDC1800D82C5C /* RealmService.swift */ = {isa = PBXFileReference; fileEncoding = 4; lastKnownFileType = sourcecode.swift; path = RealmService.swift; sourceTree = "<group>"; };
		335CBC2E1E2CCA7D00F06780 /* Kangoeroepoef2.app */ = {isa = PBXFileReference; explicitFileType = wrapper.application; includeInIndex = 0; path = Kangoeroepoef2.app; sourceTree = BUILT_PRODUCTS_DIR; };
		335CBC311E2CCA7E00F06780 /* AppDelegate.swift */ = {isa = PBXFileReference; lastKnownFileType = sourcecode.swift; path = AppDelegate.swift; sourceTree = "<group>"; };
		335CBC331E2CCA7E00F06780 /* ViewController.swift */ = {isa = PBXFileReference; lastKnownFileType = sourcecode.swift; path = ViewController.swift; sourceTree = "<group>"; };
		335CBC361E2CCA7E00F06780 /* Base */ = {isa = PBXFileReference; lastKnownFileType = file.storyboard; name = Base; path = Base.lproj/Main.storyboard; sourceTree = "<group>"; };
		335CBC381E2CCA7E00F06780 /* Assets.xcassets */ = {isa = PBXFileReference; lastKnownFileType = folder.assetcatalog; path = Assets.xcassets; sourceTree = "<group>"; };
		335CBC3B1E2CCA7E00F06780 /* Base */ = {isa = PBXFileReference; lastKnownFileType = file.storyboard; name = Base; path = Base.lproj/LaunchScreen.storyboard; sourceTree = "<group>"; };
		335CBC3D1E2CCA7E00F06780 /* Info.plist */ = {isa = PBXFileReference; lastKnownFileType = text.plist.xml; path = Info.plist; sourceTree = "<group>"; };
		33AD5E721E2D1C2F00D1CF4A /* DrankDetailController.swift */ = {isa = PBXFileReference; fileEncoding = 4; lastKnownFileType = sourcecode.swift; path = DrankDetailController.swift; sourceTree = "<group>"; };
		33AD5E741E2D231100D1CF4A /* AddOrderController.swift */ = {isa = PBXFileReference; fileEncoding = 4; lastKnownFileType = sourcecode.swift; path = AddOrderController.swift; sourceTree = "<group>"; };
		33AD5E761E2E074A00D1CF4A /* AddOrderModel.swift */ = {isa = PBXFileReference; fileEncoding = 4; lastKnownFileType = sourcecode.swift; path = AddOrderModel.swift; sourceTree = "<group>"; };
		33AD5E791E2E082300D1CF4A /* OrderlineModel.swift */ = {isa = PBXFileReference; fileEncoding = 4; lastKnownFileType = sourcecode.swift; path = OrderlineModel.swift; sourceTree = "<group>"; };
		33AD5E7B1E2E184F00D1CF4A /* UpdateService.swift */ = {isa = PBXFileReference; fileEncoding = 4; lastKnownFileType = sourcecode.swift; path = UpdateService.swift; sourceTree = "<group>"; };
		33F9DEFB1E2D05DB00C12E37 /* LoginViewController.swift */ = {isa = PBXFileReference; fileEncoding = 4; lastKnownFileType = sourcecode.swift; path = LoginViewController.swift; sourceTree = "<group>"; };
		33F9DEFD1E2D131100C12E37 /* DrankOverviewController.swift */ = {isa = PBXFileReference; fileEncoding = 4; lastKnownFileType = sourcecode.swift; path = DrankOverviewController.swift; sourceTree = "<group>"; };
		A70EEEF776C7A13BF2F0B892 /* Pods_Kangoeroepoef2.framework */ = {isa = PBXFileReference; explicitFileType = wrapper.framework; includeInIndex = 0; path = Pods_Kangoeroepoef2.framework; sourceTree = BUILT_PRODUCTS_DIR; };
		B11DB51574ED868C7BD1A22B /* Pods-Kangoeroepoef2.release.xcconfig */ = {isa = PBXFileReference; includeInIndex = 1; lastKnownFileType = text.xcconfig; name = "Pods-Kangoeroepoef2.release.xcconfig"; path = "Pods/Target Support Files/Pods-Kangoeroepoef2/Pods-Kangoeroepoef2.release.xcconfig"; sourceTree = "<group>"; };
		FD6307886519F926477CC270 /* Pods-Kangoeroepoef2.debug.xcconfig */ = {isa = PBXFileReference; includeInIndex = 1; lastKnownFileType = text.xcconfig; name = "Pods-Kangoeroepoef2.debug.xcconfig"; path = "Pods/Target Support Files/Pods-Kangoeroepoef2/Pods-Kangoeroepoef2.debug.xcconfig"; sourceTree = "<group>"; };
/* End PBXFileReference section */

/* Begin PBXFrameworksBuildPhase section */
		335CBC2B1E2CCA7D00F06780 /* Frameworks */ = {
			isa = PBXFrameworksBuildPhase;
			buildActionMask = 2147483647;
			files = (
				6180199891D126372BF8C01C /* Pods_Kangoeroepoef2.framework in Frameworks */,
			);
			runOnlyForDeploymentPostprocessing = 0;
		};
/* End PBXFrameworksBuildPhase section */

/* Begin PBXGroup section */
		0F2113B5CCD0A269D3380BC6 /* Pods */ = {
			isa = PBXGroup;
			children = (
				FD6307886519F926477CC270 /* Pods-Kangoeroepoef2.debug.xcconfig */,
				B11DB51574ED868C7BD1A22B /* Pods-Kangoeroepoef2.release.xcconfig */,
			);
			name = Pods;
			sourceTree = "<group>";
		};
		33577E7E1E2CD6CB00D82C5C /* Services */ = {
			isa = PBXGroup;
			children = (
				33577E891E2CDC0C00D82C5C /* APIService.swift */,
				33577E8B1E2CDC1800D82C5C /* RealmService.swift */,
				33AD5E7B1E2E184F00D1CF4A /* UpdateService.swift */,
			);
			name = Services;
			sourceTree = "<group>";
		};
		33577E7F1E2CD6D700D82C5C /* Domain */ = {
			isa = PBXGroup;
			children = (
				33577E811E2CD70900D82C5C /* ApplicationUser.swift */,
				33577E831E2CD8EA00D82C5C /* Order.swift */,
				33577E851E2CD91900D82C5C /* Orderline.swift */,
				33577E871E2CDAE000D82C5C /* Drank.swift */,
			);
			name = Domain;
			sourceTree = "<group>";
		};
		33577E801E2CD6E800D82C5C /* Controllers */ = {
			isa = PBXGroup;
			children = (
				33F9DEFB1E2D05DB00C12E37 /* LoginViewController.swift */,
				33F9DEFD1E2D131100C12E37 /* DrankOverviewController.swift */,
				33AD5E721E2D1C2F00D1CF4A /* DrankDetailController.swift */,
				33AD5E741E2D231100D1CF4A /* AddOrderController.swift */,
			);
			name = Controllers;
			sourceTree = "<group>";
		};
		335CBC251E2CCA7D00F06780 = {
			isa = PBXGroup;
			children = (
				335CBC301E2CCA7D00F06780 /* Kangoeroepoef2 */,
				335CBC2F1E2CCA7D00F06780 /* Products */,
				0F2113B5CCD0A269D3380BC6 /* Pods */,
				878B38A2CA765DCBD850D886 /* Frameworks */,
			);
			sourceTree = "<group>";
		};
		335CBC2F1E2CCA7D00F06780 /* Products */ = {
			isa = PBXGroup;
			children = (
				335CBC2E1E2CCA7D00F06780 /* Kangoeroepoef2.app */,
			);
			name = Products;
			sourceTree = "<group>";
		};
		335CBC301E2CCA7D00F06780 /* Kangoeroepoef2 */ = {
			isa = PBXGroup;
			children = (
				33AD5E781E2E080A00D1CF4A /* ViewModels */,
				33577E801E2CD6E800D82C5C /* Controllers */,
				33577E7F1E2CD6D700D82C5C /* Domain */,
				33577E7E1E2CD6CB00D82C5C /* Services */,
				335CBC311E2CCA7E00F06780 /* AppDelegate.swift */,
				335CBC331E2CCA7E00F06780 /* ViewController.swift */,
				335CBC351E2CCA7E00F06780 /* Main.storyboard */,
				335CBC381E2CCA7E00F06780 /* Assets.xcassets */,
				335CBC3A1E2CCA7E00F06780 /* LaunchScreen.storyboard */,
				335CBC3D1E2CCA7E00F06780 /* Info.plist */,
			);
			path = Kangoeroepoef2;
			sourceTree = "<group>";
		};
		33AD5E781E2E080A00D1CF4A /* ViewModels */ = {
			isa = PBXGroup;
			children = (
				33AD5E761E2E074A00D1CF4A /* AddOrderModel.swift */,
				33AD5E791E2E082300D1CF4A /* OrderlineModel.swift */,
			);
			name = ViewModels;
			sourceTree = "<group>";
		};
		878B38A2CA765DCBD850D886 /* Frameworks */ = {
			isa = PBXGroup;
			children = (
				A70EEEF776C7A13BF2F0B892 /* Pods_Kangoeroepoef2.framework */,
			);
			name = Frameworks;
			sourceTree = "<group>";
		};
/* End PBXGroup section */

/* Begin PBXNativeTarget section */
		335CBC2D1E2CCA7D00F06780 /* Kangoeroepoef2 */ = {
			isa = PBXNativeTarget;
			buildConfigurationList = 335CBC401E2CCA7E00F06780 /* Build configuration list for PBXNativeTarget "Kangoeroepoef2" */;
			buildPhases = (
				90ED85711359AE9D775B8B44 /* [CP] Check Pods Manifest.lock */,
				335CBC2A1E2CCA7D00F06780 /* Sources */,
				335CBC2B1E2CCA7D00F06780 /* Frameworks */,
				335CBC2C1E2CCA7D00F06780 /* Resources */,
				538934731E6E976D7C9B46A5 /* [CP] Embed Pods Frameworks */,
				F95FA1E22165B72848FA3558 /* [CP] Copy Pods Resources */,
			);
			buildRules = (
			);
			dependencies = (
			);
			name = Kangoeroepoef2;
			productName = Kangoeroepoef2;
			productReference = 335CBC2E1E2CCA7D00F06780 /* Kangoeroepoef2.app */;
			productType = "com.apple.product-type.application";
		};
/* End PBXNativeTarget section */

/* Begin PBXProject section */
		335CBC261E2CCA7D00F06780 /* Project object */ = {
			isa = PBXProject;
			attributes = {
				LastSwiftUpdateCheck = 0820;
				LastUpgradeCheck = 0820;
				ORGANIZATIONNAME = "thomas de wulf";
				TargetAttributes = {
					335CBC2D1E2CCA7D00F06780 = {
						CreatedOnToolsVersion = 8.2;
						ProvisioningStyle = Automatic;
						SystemCapabilities = {
							com.apple.BackgroundModes = {
								enabled = 1;
							};
						};
					};
				};
			};
			buildConfigurationList = 335CBC291E2CCA7D00F06780 /* Build configuration list for PBXProject "Kangoeroepoef2" */;
			compatibilityVersion = "Xcode 3.2";
			developmentRegion = English;
			hasScannedForEncodings = 0;
			knownRegions = (
				en,
				Base,
			);
			mainGroup = 335CBC251E2CCA7D00F06780;
			productRefGroup = 335CBC2F1E2CCA7D00F06780 /* Products */;
			projectDirPath = "";
			projectRoot = "";
			targets = (
				335CBC2D1E2CCA7D00F06780 /* Kangoeroepoef2 */,
			);
		};
/* End PBXProject section */

/* Begin PBXResourcesBuildPhase section */
		335CBC2C1E2CCA7D00F06780 /* Resources */ = {
			isa = PBXResourcesBuildPhase;
			buildActionMask = 2147483647;
			files = (
				335CBC3C1E2CCA7E00F06780 /* LaunchScreen.storyboard in Resources */,
				335CBC391E2CCA7E00F06780 /* Assets.xcassets in Resources */,
				335CBC371E2CCA7E00F06780 /* Main.storyboard in Resources */,
			);
			runOnlyForDeploymentPostprocessing = 0;
		};
/* End PBXResourcesBuildPhase section */

/* Begin PBXShellScriptBuildPhase section */
		538934731E6E976D7C9B46A5 /* [CP] Embed Pods Frameworks */ = {
			isa = PBXShellScriptBuildPhase;
			buildActionMask = 2147483647;
			files = (
			);
			inputPaths = (
			);
			name = "[CP] Embed Pods Frameworks";
			outputPaths = (
			);
			runOnlyForDeploymentPostprocessing = 0;
			shellPath = /bin/sh;
			shellScript = "\"${SRCROOT}/Pods/Target Support Files/Pods-Kangoeroepoef2/Pods-Kangoeroepoef2-frameworks.sh\"\n";
			showEnvVarsInLog = 0;
		};
		90ED85711359AE9D775B8B44 /* [CP] Check Pods Manifest.lock */ = {
			isa = PBXShellScriptBuildPhase;
			buildActionMask = 2147483647;
			files = (
			);
			inputPaths = (
			);
			name = "[CP] Check Pods Manifest.lock";
			outputPaths = (
			);
			runOnlyForDeploymentPostprocessing = 0;
			shellPath = /bin/sh;
			shellScript = "diff \"${PODS_ROOT}/../Podfile.lock\" \"${PODS_ROOT}/Manifest.lock\" > /dev/null\nif [ $? != 0 ] ; then\n    # print error to STDERR\n    echo \"error: The sandbox is not in sync with the Podfile.lock. Run 'pod install' or update your CocoaPods installation.\" >&2\n    exit 1\nfi\n";
			showEnvVarsInLog = 0;
		};
		F95FA1E22165B72848FA3558 /* [CP] Copy Pods Resources */ = {
			isa = PBXShellScriptBuildPhase;
			buildActionMask = 2147483647;
			files = (
			);
			inputPaths = (
			);
			name = "[CP] Copy Pods Resources";
			outputPaths = (
			);
			runOnlyForDeploymentPostprocessing = 0;
			shellPath = /bin/sh;
			shellScript = "\"${SRCROOT}/Pods/Target Support Files/Pods-Kangoeroepoef2/Pods-Kangoeroepoef2-resources.sh\"\n";
			showEnvVarsInLog = 0;
		};
/* End PBXShellScriptBuildPhase section */

/* Begin PBXSourcesBuildPhase section */
		335CBC2A1E2CCA7D00F06780 /* Sources */ = {
			isa = PBXSourcesBuildPhase;
			buildActionMask = 2147483647;
			files = (
				33AD5E751E2D231100D1CF4A /* AddOrderController.swift in Sources */,
				33AD5E731E2D1C2F00D1CF4A /* DrankDetailController.swift in Sources */,
				33F9DEFC1E2D05DB00C12E37 /* LoginViewController.swift in Sources */,
				335CBC341E2CCA7E00F06780 /* ViewController.swift in Sources */,
				33577E8A1E2CDC0C00D82C5C /* APIService.swift in Sources */,
				33F9DEFE1E2D131100C12E37 /* DrankOverviewController.swift in Sources */,
				335CBC321E2CCA7E00F06780 /* AppDelegate.swift in Sources */,
				33577E881E2CDAE000D82C5C /* Drank.swift in Sources */,
				33577E861E2CD91900D82C5C /* Orderline.swift in Sources */,
				33AD5E7C1E2E184F00D1CF4A /* UpdateService.swift in Sources */,
				33577E841E2CD8EA00D82C5C /* Order.swift in Sources */,
				33AD5E7A1E2E082300D1CF4A /* OrderlineModel.swift in Sources */,
				33AD5E771E2E074A00D1CF4A /* AddOrderModel.swift in Sources */,
				33577E821E2CD70900D82C5C /* ApplicationUser.swift in Sources */,
				33577E8C1E2CDC1800D82C5C /* RealmService.swift in Sources */,
			);
			runOnlyForDeploymentPostprocessing = 0;
		};
/* End PBXSourcesBuildPhase section */

/* Begin PBXVariantGroup section */
		335CBC351E2CCA7E00F06780 /* Main.storyboard */ = {
			isa = PBXVariantGroup;
			children = (
				335CBC361E2CCA7E00F06780 /* Base */,
			);
			name = Main.storyboard;
			sourceTree = "<group>";
		};
		335CBC3A1E2CCA7E00F06780 /* LaunchScreen.storyboard */ = {
			isa = PBXVariantGroup;
			children = (
				335CBC3B1E2CCA7E00F06780 /* Base */,
			);
			name = LaunchScreen.storyboard;
			sourceTree = "<group>";
		};
/* End PBXVariantGroup section */

/* Begin XCBuildConfiguration section */
		335CBC3E1E2CCA7E00F06780 /* Debug */ = {
			isa = XCBuildConfiguration;
			buildSettings = {
				ALWAYS_SEARCH_USER_PATHS = NO;
				CLANG_ANALYZER_NONNULL = YES;
				CLANG_CXX_LANGUAGE_STANDARD = "gnu++0x";
				CLANG_CXX_LIBRARY = "libc++";
				CLANG_ENABLE_MODULES = YES;
				CLANG_ENABLE_OBJC_ARC = YES;
				CLANG_WARN_BOOL_CONVERSION = YES;
				CLANG_WARN_CONSTANT_CONVERSION = YES;
				CLANG_WARN_DIRECT_OBJC_ISA_USAGE = YES_ERROR;
				CLANG_WARN_DOCUMENTATION_COMMENTS = YES;
				CLANG_WARN_EMPTY_BODY = YES;
				CLANG_WARN_ENUM_CONVERSION = YES;
				CLANG_WARN_INFINITE_RECURSION = YES;
				CLANG_WARN_INT_CONVERSION = YES;
				CLANG_WARN_OBJC_ROOT_CLASS = YES_ERROR;
				CLANG_WARN_SUSPICIOUS_MOVE = YES;
				CLANG_WARN_UNREACHABLE_CODE = YES;
				CLANG_WARN__DUPLICATE_METHOD_MATCH = YES;
				"CODE_SIGN_IDENTITY[sdk=iphoneos*]" = "iPhone Developer";
				COPY_PHASE_STRIP = NO;
				DEBUG_INFORMATION_FORMAT = dwarf;
				ENABLE_STRICT_OBJC_MSGSEND = YES;
				ENABLE_TESTABILITY = YES;
				GCC_C_LANGUAGE_STANDARD = gnu99;
				GCC_DYNAMIC_NO_PIC = NO;
				GCC_NO_COMMON_BLOCKS = YES;
				GCC_OPTIMIZATION_LEVEL = 0;
				GCC_PREPROCESSOR_DEFINITIONS = (
					"DEBUG=1",
					"$(inherited)",
				);
				GCC_WARN_64_TO_32_BIT_CONVERSION = YES;
				GCC_WARN_ABOUT_RETURN_TYPE = YES_ERROR;
				GCC_WARN_UNDECLARED_SELECTOR = YES;
				GCC_WARN_UNINITIALIZED_AUTOS = YES_AGGRESSIVE;
				GCC_WARN_UNUSED_FUNCTION = YES;
				GCC_WARN_UNUSED_VARIABLE = YES;
				IPHONEOS_DEPLOYMENT_TARGET = 10.2;
				MTL_ENABLE_DEBUG_INFO = YES;
				ONLY_ACTIVE_ARCH = YES;
				SDKROOT = iphoneos;
				SWIFT_ACTIVE_COMPILATION_CONDITIONS = DEBUG;
				SWIFT_OPTIMIZATION_LEVEL = "-Onone";
				TARGETED_DEVICE_FAMILY = "1,2";
			};
			name = Debug;
		};
		335CBC3F1E2CCA7E00F06780 /* Release */ = {
			isa = XCBuildConfiguration;
			buildSettings = {
				ALWAYS_SEARCH_USER_PATHS = NO;
				CLANG_ANALYZER_NONNULL = YES;
				CLANG_CXX_LANGUAGE_STANDARD = "gnu++0x";
				CLANG_CXX_LIBRARY = "libc++";
				CLANG_ENABLE_MODULES = YES;
				CLANG_ENABLE_OBJC_ARC = YES;
				CLANG_WARN_BOOL_CONVERSION = YES;
				CLANG_WARN_CONSTANT_CONVERSION = YES;
				CLANG_WARN_DIRECT_OBJC_ISA_USAGE = YES_ERROR;
				CLANG_WARN_DOCUMENTATION_COMMENTS = YES;
				CLANG_WARN_EMPTY_BODY = YES;
				CLANG_WARN_ENUM_CONVERSION = YES;
				CLANG_WARN_INFINITE_RECURSION = YES;
				CLANG_WARN_INT_CONVERSION = YES;
				CLANG_WARN_OBJC_ROOT_CLASS = YES_ERROR;
				CLANG_WARN_SUSPICIOUS_MOVE = YES;
				CLANG_WARN_UNREACHABLE_CODE = YES;
				CLANG_WARN__DUPLICATE_METHOD_MATCH = YES;
				"CODE_SIGN_IDENTITY[sdk=iphoneos*]" = "iPhone Developer";
				COPY_PHASE_STRIP = NO;
				DEBUG_INFORMATION_FORMAT = "dwarf-with-dsym";
				ENABLE_NS_ASSERTIONS = NO;
				ENABLE_STRICT_OBJC_MSGSEND = YES;
				GCC_C_LANGUAGE_STANDARD = gnu99;
				GCC_NO_COMMON_BLOCKS = YES;
				GCC_WARN_64_TO_32_BIT_CONVERSION = YES;
				GCC_WARN_ABOUT_RETURN_TYPE = YES_ERROR;
				GCC_WARN_UNDECLARED_SELECTOR = YES;
				GCC_WARN_UNINITIALIZED_AUTOS = YES_AGGRESSIVE;
				GCC_WARN_UNUSED_FUNCTION = YES;
				GCC_WARN_UNUSED_VARIABLE = YES;
				IPHONEOS_DEPLOYMENT_TARGET = 10.2;
				MTL_ENABLE_DEBUG_INFO = NO;
				SDKROOT = iphoneos;
				SWIFT_OPTIMIZATION_LEVEL = "-Owholemodule";
				TARGETED_DEVICE_FAMILY = "1,2";
				VALIDATE_PRODUCT = YES;
			};
			name = Release;
		};
		335CBC411E2CCA7E00F06780 /* Debug */ = {
			isa = XCBuildConfiguration;
			baseConfigurationReference = FD6307886519F926477CC270 /* Pods-Kangoeroepoef2.debug.xcconfig */;
			buildSettings = {
				ALWAYS_EMBED_SWIFT_STANDARD_LIBRARIES = YES;
				ASSETCATALOG_COMPILER_APPICON_NAME = AppIcon;
				INFOPLIST_FILE = Kangoeroepoef2/Info.plist;
				LD_RUNPATH_SEARCH_PATHS = "$(inherited) @executable_path/Frameworks";
				PRODUCT_BUNDLE_IDENTIFIER = thomas.Kangoeroepoef2;
				PRODUCT_NAME = "$(TARGET_NAME)";
				SWIFT_VERSION = 3.0;
			};
			name = Debug;
		};
		335CBC421E2CCA7E00F06780 /* Release */ = {
			isa = XCBuildConfiguration;
			baseConfigurationReference = B11DB51574ED868C7BD1A22B /* Pods-Kangoeroepoef2.release.xcconfig */;
			buildSettings = {
				ALWAYS_EMBED_SWIFT_STANDARD_LIBRARIES = YES;
				ASSETCATALOG_COMPILER_APPICON_NAME = AppIcon;
				INFOPLIST_FILE = Kangoeroepoef2/Info.plist;
				LD_RUNPATH_SEARCH_PATHS = "$(inherited) @executable_path/Frameworks";
				PRODUCT_BUNDLE_IDENTIFIER = thomas.Kangoeroepoef2;
				PRODUCT_NAME = "$(TARGET_NAME)";
				SWIFT_VERSION = 3.0;
			};
			name = Release;
		};
/* End XCBuildConfiguration section */

/* Begin XCConfigurationList section */
		335CBC291E2CCA7D00F06780 /* Build configuration list for PBXProject "Kangoeroepoef2" */ = {
			isa = XCConfigurationList;
			buildConfigurations = (
				335CBC3E1E2CCA7E00F06780 /* Debug */,
				335CBC3F1E2CCA7E00F06780 /* Release */,
			);
			defaultConfigurationIsVisible = 0;
			defaultConfigurationName = Release;
		};
		335CBC401E2CCA7E00F06780 /* Build configuration list for PBXNativeTarget "Kangoeroepoef2" */ = {
			isa = XCConfigurationList;
			buildConfigurations = (
				335CBC411E2CCA7E00F06780 /* Debug */,
				335CBC421E2CCA7E00F06780 /* Release */,
			);
			defaultConfigurationIsVisible = 0;
			defaultConfigurationName = Release;
		};
/* End XCConfigurationList section */
	};
	rootObject = 335CBC261E2CCA7D00F06780 /* Project object */;
}
